// !$*UTF8*$!
{
	archiveVersion = 1;
	classes = {
	};
	objectVersion = 46;
	objects = {

/* Begin PBXBuildFile section */
		0C5DF70A1ADC389D006CA30B /* main.m in Sources */ = {isa = PBXBuildFile; fileRef = 0C5DF7091ADC389D006CA30B /* main.m */; };
		0C5DF70D1ADC389D006CA30B /* AppDelegate.m in Sources */ = {isa = PBXBuildFile; fileRef = 0C5DF70C1ADC389D006CA30B /* AppDelegate.m */; };
		0C5DF7131ADC389D006CA30B /* Main.storyboard in Resources */ = {isa = PBXBuildFile; fileRef = 0C5DF7111ADC389D006CA30B /* Main.storyboard */; };
		0C5DF7151ADC389D006CA30B /* Images.xcassets in Resources */ = {isa = PBXBuildFile; fileRef = 0C5DF7141ADC389D006CA30B /* Images.xcassets */; };
		0C5DF7181ADC389D006CA30B /* LaunchScreen.xib in Resources */ = {isa = PBXBuildFile; fileRef = 0C5DF7161ADC389D006CA30B /* LaunchScreen.xib */; };
		0C5DF72F1ADC392D006CA30B /* TwitterStreamTableViewController.m in Sources */ = {isa = PBXBuildFile; fileRef = 0C5DF72E1ADC392D006CA30B /* TwitterStreamTableViewController.m */; };
		0C5DF7321ADC3D3B006CA30B /* TweetTableViewCell.m in Sources */ = {isa = PBXBuildFile; fileRef = 0C5DF7311ADC3D3B006CA30B /* TweetTableViewCell.m */; };
		0C9822FA1ADC528D000A0EEC /* TwitterKit.framework in Frameworks */ = {isa = PBXBuildFile; fileRef = 0C9822F71ADC528D000A0EEC /* TwitterKit.framework */; };
		0C9822FB1ADC528D000A0EEC /* TwitterKitResources.bundle in Resources */ = {isa = PBXBuildFile; fileRef = 0C9822F81ADC528D000A0EEC /* TwitterKitResources.bundle */; };
		0C9822FC1ADC528D000A0EEC /* Fabric.framework in Frameworks */ = {isa = PBXBuildFile; fileRef = 0C9822F91ADC528D000A0EEC /* Fabric.framework */; };
		0CA430D61ADF00DD00AFCC65 /* TweetParserSpec.m in Sources */ = {isa = PBXBuildFile; fileRef = 0CA430D51ADF00DD00AFCC65 /* TweetParserSpec.m */; };
		371BB37E1ADD596F00498B0C /* LoginViewController.m in Sources */ = {isa = PBXBuildFile; fileRef = 371BB37D1ADD596F00498B0C /* LoginViewController.m */; };
		371BB3811ADD5E3D00498B0C /* Tweet.m in Sources */ = {isa = PBXBuildFile; fileRef = 371BB3801ADD5E3D00498B0C /* Tweet.m */; };
		371BB3841ADEAFBE00498B0C /* User.m in Sources */ = {isa = PBXBuildFile; fileRef = 371BB3831ADEAFBE00498B0C /* User.m */; };
		371BB3871ADEBE9300498B0C /* FadeSegue.m in Sources */ = {isa = PBXBuildFile; fileRef = 371BB3861ADEBE9300498B0C /* FadeSegue.m */; };
		371BB38E1ADEC87C00498B0C /* TweetParser.m in Sources */ = {isa = PBXBuildFile; fileRef = 371BB38D1ADEC87C00498B0C /* TweetParser.m */; };
		6809A679E045FE266D81E78F /* libPods-TwitterBankingStreamTests.a in Frameworks */ = {isa = PBXBuildFile; fileRef = 07E2A322EBCF7935AEDAFEC0 /* libPods-TwitterBankingStreamTests.a */; };
/* End PBXBuildFile section */

/* Begin PBXContainerItemProxy section */
		0C5DF71E1ADC389D006CA30B /* PBXContainerItemProxy */ = {
			isa = PBXContainerItemProxy;
			containerPortal = 0C5DF6FC1ADC389D006CA30B /* Project object */;
			proxyType = 1;
			remoteGlobalIDString = 0C5DF7031ADC389D006CA30B;
			remoteInfo = TwitterBankingStream;
		};
/* End PBXContainerItemProxy section */

/* Begin PBXFileReference section */
		07E2A322EBCF7935AEDAFEC0 /* libPods-TwitterBankingStreamTests.a */ = {isa = PBXFileReference; explicitFileType = archive.ar; includeInIndex = 0; path = "libPods-TwitterBankingStreamTests.a"; sourceTree = BUILT_PRODUCTS_DIR; };
		0C5DF7041ADC389D006CA30B /* TwitterBankingStream.app */ = {isa = PBXFileReference; explicitFileType = wrapper.application; includeInIndex = 0; path = TwitterBankingStream.app; sourceTree = BUILT_PRODUCTS_DIR; };
		0C5DF7081ADC389D006CA30B /* Info.plist */ = {isa = PBXFileReference; lastKnownFileType = text.plist.xml; path = Info.plist; sourceTree = "<group>"; };
		0C5DF7091ADC389D006CA30B /* main.m */ = {isa = PBXFileReference; lastKnownFileType = sourcecode.c.objc; path = main.m; sourceTree = "<group>"; };
		0C5DF70B1ADC389D006CA30B /* AppDelegate.h */ = {isa = PBXFileReference; lastKnownFileType = sourcecode.c.h; path = AppDelegate.h; sourceTree = "<group>"; };
		0C5DF70C1ADC389D006CA30B /* AppDelegate.m */ = {isa = PBXFileReference; lastKnownFileType = sourcecode.c.objc; path = AppDelegate.m; sourceTree = "<group>"; };
		0C5DF7121ADC389D006CA30B /* Base */ = {isa = PBXFileReference; lastKnownFileType = file.storyboard; name = Base; path = Base.lproj/Main.storyboard; sourceTree = "<group>"; };
		0C5DF7141ADC389D006CA30B /* Images.xcassets */ = {isa = PBXFileReference; lastKnownFileType = folder.assetcatalog; path = Images.xcassets; sourceTree = "<group>"; };
		0C5DF7171ADC389D006CA30B /* Base */ = {isa = PBXFileReference; lastKnownFileType = file.xib; name = Base; path = Base.lproj/LaunchScreen.xib; sourceTree = "<group>"; };
		0C5DF71D1ADC389D006CA30B /* TwitterBankingStreamTests.xctest */ = {isa = PBXFileReference; explicitFileType = wrapper.cfbundle; includeInIndex = 0; path = TwitterBankingStreamTests.xctest; sourceTree = BUILT_PRODUCTS_DIR; };
		0C5DF7221ADC389D006CA30B /* Info.plist */ = {isa = PBXFileReference; lastKnownFileType = text.plist.xml; path = Info.plist; sourceTree = "<group>"; };
		0C5DF72D1ADC392D006CA30B /* TwitterStreamTableViewController.h */ = {isa = PBXFileReference; fileEncoding = 4; lastKnownFileType = sourcecode.c.h; path = TwitterStreamTableViewController.h; sourceTree = "<group>"; };
		0C5DF72E1ADC392D006CA30B /* TwitterStreamTableViewController.m */ = {isa = PBXFileReference; fileEncoding = 4; lastKnownFileType = sourcecode.c.objc; path = TwitterStreamTableViewController.m; sourceTree = "<group>"; };
		0C5DF7301ADC3D3B006CA30B /* TweetTableViewCell.h */ = {isa = PBXFileReference; fileEncoding = 4; lastKnownFileType = sourcecode.c.h; name = TweetTableViewCell.h; path = Images.xcassets/TweetTableViewCell.h; sourceTree = "<group>"; };
		0C5DF7311ADC3D3B006CA30B /* TweetTableViewCell.m */ = {isa = PBXFileReference; fileEncoding = 4; lastKnownFileType = sourcecode.c.objc; name = TweetTableViewCell.m; path = Images.xcassets/TweetTableViewCell.m; sourceTree = "<group>"; };
		0C9822F71ADC528D000A0EEC /* TwitterKit.framework */ = {isa = PBXFileReference; lastKnownFileType = wrapper.framework; path = TwitterKit.framework; sourceTree = SOURCE_ROOT; };
		0C9822F81ADC528D000A0EEC /* TwitterKitResources.bundle */ = {isa = PBXFileReference; lastKnownFileType = "wrapper.plug-in"; name = TwitterKitResources.bundle; path = TwitterKit.framework/Versions/A/Resources/TwitterKitResources.bundle; sourceTree = SOURCE_ROOT; };
		0C9822F91ADC528D000A0EEC /* Fabric.framework */ = {isa = PBXFileReference; lastKnownFileType = wrapper.framework; path = Fabric.framework; sourceTree = SOURCE_ROOT; };
		0CA430D51ADF00DD00AFCC65 /* TweetParserSpec.m */ = {isa = PBXFileReference; fileEncoding = 4; lastKnownFileType = sourcecode.c.objc; path = TweetParserSpec.m; sourceTree = "<group>"; };
		30609F259F6D9583FD09A93E /* Pods-TwitterBankingStreamTests.release.xcconfig */ = {isa = PBXFileReference; includeInIndex = 1; lastKnownFileType = text.xcconfig; name = "Pods-TwitterBankingStreamTests.release.xcconfig"; path = "Pods/Target Support Files/Pods-TwitterBankingStreamTests/Pods-TwitterBankingStreamTests.release.xcconfig"; sourceTree = "<group>"; };
		371BB37C1ADD596F00498B0C /* LoginViewController.h */ = {isa = PBXFileReference; fileEncoding = 4; lastKnownFileType = sourcecode.c.h; path = LoginViewController.h; sourceTree = "<group>"; };
		371BB37D1ADD596F00498B0C /* LoginViewController.m */ = {isa = PBXFileReference; fileEncoding = 4; lastKnownFileType = sourcecode.c.objc; path = LoginViewController.m; sourceTree = "<group>"; };
		371BB37F1ADD5E3D00498B0C /* Tweet.h */ = {isa = PBXFileReference; fileEncoding = 4; lastKnownFileType = sourcecode.c.h; path = Tweet.h; sourceTree = "<group>"; };
		371BB3801ADD5E3D00498B0C /* Tweet.m */ = {isa = PBXFileReference; fileEncoding = 4; lastKnownFileType = sourcecode.c.objc; path = Tweet.m; sourceTree = "<group>"; };
		371BB3821ADEAFBE00498B0C /* User.h */ = {isa = PBXFileReference; fileEncoding = 4; lastKnownFileType = sourcecode.c.h; path = User.h; sourceTree = "<group>"; };
		371BB3831ADEAFBE00498B0C /* User.m */ = {isa = PBXFileReference; fileEncoding = 4; lastKnownFileType = sourcecode.c.objc; path = User.m; sourceTree = "<group>"; };
		371BB3851ADEBE9300498B0C /* FadeSegue.h */ = {isa = PBXFileReference; fileEncoding = 4; lastKnownFileType = sourcecode.c.h; path = FadeSegue.h; sourceTree = "<group>"; };
		371BB3861ADEBE9300498B0C /* FadeSegue.m */ = {isa = PBXFileReference; fileEncoding = 4; lastKnownFileType = sourcecode.c.objc; path = FadeSegue.m; sourceTree = "<group>"; };
		371BB38C1ADEC87C00498B0C /* TweetParser.h */ = {isa = PBXFileReference; fileEncoding = 4; lastKnownFileType = sourcecode.c.h; path = TweetParser.h; sourceTree = "<group>"; };
		371BB38D1ADEC87C00498B0C /* TweetParser.m */ = {isa = PBXFileReference; fileEncoding = 4; lastKnownFileType = sourcecode.c.objc; path = TweetParser.m; sourceTree = "<group>"; };
		AB57BFDADE2CEA6AC33333CC /* Pods-TwitterBankingStreamTests.debug.xcconfig */ = {isa = PBXFileReference; includeInIndex = 1; lastKnownFileType = text.xcconfig; name = "Pods-TwitterBankingStreamTests.debug.xcconfig"; path = "Pods/Target Support Files/Pods-TwitterBankingStreamTests/Pods-TwitterBankingStreamTests.debug.xcconfig"; sourceTree = "<group>"; };
/* End PBXFileReference section */

/* Begin PBXFrameworksBuildPhase section */
		0C5DF7011ADC389D006CA30B /* Frameworks */ = {
			isa = PBXFrameworksBuildPhase;
			buildActionMask = 2147483647;
			files = (
				0C9822FA1ADC528D000A0EEC /* TwitterKit.framework in Frameworks */,
				0C9822FC1ADC528D000A0EEC /* Fabric.framework in Frameworks */,
			);
			runOnlyForDeploymentPostprocessing = 0;
		};
		0C5DF71A1ADC389D006CA30B /* Frameworks */ = {
			isa = PBXFrameworksBuildPhase;
			buildActionMask = 2147483647;
			files = (
				6809A679E045FE266D81E78F /* libPods-TwitterBankingStreamTests.a in Frameworks */,
			);
			runOnlyForDeploymentPostprocessing = 0;
		};
/* End PBXFrameworksBuildPhase section */

/* Begin PBXGroup section */
		0C5DF6FB1ADC389D006CA30B = {
			isa = PBXGroup;
			children = (
				0C5DF7061ADC389D006CA30B /* TwitterBankingStream */,
				0C5DF7201ADC389D006CA30B /* TwitterBankingStreamTests */,
				0C5DF7051ADC389D006CA30B /* Products */,
				F09D2ECAF5B383E2C061719C /* Pods */,
				B464C18EFAFB001119A858AA /* Frameworks */,
			);
			sourceTree = "<group>";
		};
		0C5DF7051ADC389D006CA30B /* Products */ = {
			isa = PBXGroup;
			children = (
				0C5DF7041ADC389D006CA30B /* TwitterBankingStream.app */,
				0C5DF71D1ADC389D006CA30B /* TwitterBankingStreamTests.xctest */,
			);
			name = Products;
			sourceTree = "<group>";
		};
		0C5DF7061ADC389D006CA30B /* TwitterBankingStream */ = {
			isa = PBXGroup;
			children = (
				0C5DF70B1ADC389D006CA30B /* AppDelegate.h */,
				0C5DF70C1ADC389D006CA30B /* AppDelegate.m */,
				371BB38A1ADEC35700498B0C /* Log In */,
				371BB38B1ADEC35F00498B0C /* Twitter Stream */,
				371BB3881ADEC34700498B0C /* Models */,
				371BB3891ADEC34D00498B0C /* Custom Segues */,
				0C5DF7111ADC389D006CA30B /* Main.storyboard */,
				0C9822F71ADC528D000A0EEC /* TwitterKit.framework */,
				0C9822F81ADC528D000A0EEC /* TwitterKitResources.bundle */,
				0C9822F91ADC528D000A0EEC /* Fabric.framework */,
				0C5DF7141ADC389D006CA30B /* Images.xcassets */,
				0C5DF7161ADC389D006CA30B /* LaunchScreen.xib */,
				0C5DF7071ADC389D006CA30B /* Supporting Files */,
			);
			path = TwitterBankingStream;
			sourceTree = "<group>";
		};
		0C5DF7071ADC389D006CA30B /* Supporting Files */ = {
			isa = PBXGroup;
			children = (
				0C5DF7081ADC389D006CA30B /* Info.plist */,
				0C5DF7091ADC389D006CA30B /* main.m */,
			);
			name = "Supporting Files";
			sourceTree = "<group>";
		};
		0C5DF7201ADC389D006CA30B /* TwitterBankingStreamTests */ = {
			isa = PBXGroup;
			children = (
				0CA430D51ADF00DD00AFCC65 /* TweetParserSpec.m */,
				0C5DF7211ADC389D006CA30B /* Supporting Files */,
			);
			path = TwitterBankingStreamTests;
			sourceTree = "<group>";
		};
		0C5DF7211ADC389D006CA30B /* Supporting Files */ = {
			isa = PBXGroup;
			children = (
				0C5DF7221ADC389D006CA30B /* Info.plist */,
			);
			name = "Supporting Files";
			sourceTree = "<group>";
		};
		371BB3881ADEC34700498B0C /* Models */ = {
			isa = PBXGroup;
			children = (
				371BB37F1ADD5E3D00498B0C /* Tweet.h */,
				371BB3801ADD5E3D00498B0C /* Tweet.m */,
				371BB3821ADEAFBE00498B0C /* User.h */,
				371BB3831ADEAFBE00498B0C /* User.m */,
			);
			name = Models;
			sourceTree = "<group>";
		};
		371BB3891ADEC34D00498B0C /* Custom Segues */ = {
			isa = PBXGroup;
			children = (
				371BB3851ADEBE9300498B0C /* FadeSegue.h */,
				371BB3861ADEBE9300498B0C /* FadeSegue.m */,
			);
			name = "Custom Segues";
			sourceTree = "<group>";
		};
		371BB38A1ADEC35700498B0C /* Log In */ = {
			isa = PBXGroup;
			children = (
				371BB37C1ADD596F00498B0C /* LoginViewController.h */,
				371BB37D1ADD596F00498B0C /* LoginViewController.m */,
			);
			name = "Log In";
			sourceTree = "<group>";
		};
		371BB38B1ADEC35F00498B0C /* Twitter Stream */ = {
			isa = PBXGroup;
			children = (
				0C5DF72D1ADC392D006CA30B /* TwitterStreamTableViewController.h */,
				0C5DF72E1ADC392D006CA30B /* TwitterStreamTableViewController.m */,
				0C5DF7301ADC3D3B006CA30B /* TweetTableViewCell.h */,
				0C5DF7311ADC3D3B006CA30B /* TweetTableViewCell.m */,
				371BB38C1ADEC87C00498B0C /* TweetParser.h */,
				371BB38D1ADEC87C00498B0C /* TweetParser.m */,
			);
			name = "Twitter Stream";
			sourceTree = "<group>";
		};
		B464C18EFAFB001119A858AA /* Frameworks */ = {
			isa = PBXGroup;
			children = (
				07E2A322EBCF7935AEDAFEC0 /* libPods-TwitterBankingStreamTests.a */,
			);
			name = Frameworks;
			sourceTree = "<group>";
		};
		F09D2ECAF5B383E2C061719C /* Pods */ = {
			isa = PBXGroup;
			children = (
				AB57BFDADE2CEA6AC33333CC /* Pods-TwitterBankingStreamTests.debug.xcconfig */,
				30609F259F6D9583FD09A93E /* Pods-TwitterBankingStreamTests.release.xcconfig */,
			);
			name = Pods;
			sourceTree = "<group>";
		};
/* End PBXGroup section */

/* Begin PBXNativeTarget section */
		0C5DF7031ADC389D006CA30B /* TwitterBankingStream */ = {
			isa = PBXNativeTarget;
			buildConfigurationList = 0C5DF7271ADC389D006CA30B /* Build configuration list for PBXNativeTarget "TwitterBankingStream" */;
			buildPhases = (
				0C5DF7001ADC389D006CA30B /* Sources */,
				0C5DF7011ADC389D006CA30B /* Frameworks */,
				0C5DF7021ADC389D006CA30B /* Resources */,
				0C9822F61ADC5273000A0EEC /* ShellScript */,
			);
			buildRules = (
			);
			dependencies = (
			);
			name = TwitterBankingStream;
			productName = TwitterBankingStream;
			productReference = 0C5DF7041ADC389D006CA30B /* TwitterBankingStream.app */;
			productType = "com.apple.product-type.application";
		};
		0C5DF71C1ADC389D006CA30B /* TwitterBankingStreamTests */ = {
			isa = PBXNativeTarget;
			buildConfigurationList = 0C5DF72A1ADC389D006CA30B /* Build configuration list for PBXNativeTarget "TwitterBankingStreamTests" */;
			buildPhases = (
				942E960BCA6850EE85EC0679 /* Check Pods Manifest.lock */,
				0C5DF7191ADC389D006CA30B /* Sources */,
				0C5DF71A1ADC389D006CA30B /* Frameworks */,
				0C5DF71B1ADC389D006CA30B /* Resources */,
				8CACE7AAA236202A153D0CBF /* Copy Pods Resources */,
			);
			buildRules = (
			);
			dependencies = (
				0C5DF71F1ADC389D006CA30B /* PBXTargetDependency */,
			);
			name = TwitterBankingStreamTests;
			productName = TwitterBankingStreamTests;
			productReference = 0C5DF71D1ADC389D006CA30B /* TwitterBankingStreamTests.xctest */;
			productType = "com.apple.product-type.bundle.unit-test";
		};
/* End PBXNativeTarget section */

/* Begin PBXProject section */
		0C5DF6FC1ADC389D006CA30B /* Project object */ = {
			isa = PBXProject;
			attributes = {
				LastUpgradeCheck = 0620;
				ORGANIZATIONNAME = "Danuta Dramowicz";
				TargetAttributes = {
					0C5DF7031ADC389D006CA30B = {
						CreatedOnToolsVersion = 6.2;
					};
					0C5DF71C1ADC389D006CA30B = {
						CreatedOnToolsVersion = 6.2;
						TestTargetID = 0C5DF7031ADC389D006CA30B;
					};
				};
			};
			buildConfigurationList = 0C5DF6FF1ADC389D006CA30B /* Build configuration list for PBXProject "TwitterBankingStream" */;
			compatibilityVersion = "Xcode 3.2";
			developmentRegion = English;
			hasScannedForEncodings = 0;
			knownRegions = (
				en,
				Base,
			);
			mainGroup = 0C5DF6FB1ADC389D006CA30B;
			productRefGroup = 0C5DF7051ADC389D006CA30B /* Products */;
			projectDirPath = "";
			projectRoot = "";
			targets = (
				0C5DF7031ADC389D006CA30B /* TwitterBankingStream */,
				0C5DF71C1ADC389D006CA30B /* TwitterBankingStreamTests */,
			);
		};
/* End PBXProject section */

/* Begin PBXResourcesBuildPhase section */
		0C5DF7021ADC389D006CA30B /* Resources */ = {
			isa = PBXResourcesBuildPhase;
			buildActionMask = 2147483647;
			files = (
				0C9822FB1ADC528D000A0EEC /* TwitterKitResources.bundle in Resources */,
				0C5DF7131ADC389D006CA30B /* Main.storyboard in Resources */,
				0C5DF7181ADC389D006CA30B /* LaunchScreen.xib in Resources */,
				0C5DF7151ADC389D006CA30B /* Images.xcassets in Resources */,
			);
			runOnlyForDeploymentPostprocessing = 0;
		};
		0C5DF71B1ADC389D006CA30B /* Resources */ = {
			isa = PBXResourcesBuildPhase;
			buildActionMask = 2147483647;
			files = (
			);
			runOnlyForDeploymentPostprocessing = 0;
		};
/* End PBXResourcesBuildPhase section */

/* Begin PBXShellScriptBuildPhase section */
		0C9822F61ADC5273000A0EEC /* ShellScript */ = {
			isa = PBXShellScriptBuildPhase;
			buildActionMask = 2147483647;
			files = (
			);
			inputPaths = (
			);
			outputPaths = (
			);
			runOnlyForDeploymentPostprocessing = 0;
			shellPath = /bin/sh;
			shellScript = "./Fabric.framework/run 03439e4a78c60584c680a02414c68e2920de74d3 b7a48ab659313d1fb23057a34b0fd3973b7148d69aa7fc620a61dde0790e643a";
		};
		8CACE7AAA236202A153D0CBF /* Copy Pods Resources */ = {
			isa = PBXShellScriptBuildPhase;
			buildActionMask = 2147483647;
			files = (
			);
			inputPaths = (
			);
			name = "Copy Pods Resources";
			outputPaths = (
			);
			runOnlyForDeploymentPostprocessing = 0;
			shellPath = /bin/sh;
			shellScript = "\"${SRCROOT}/Pods/Target Support Files/Pods-TwitterBankingStreamTests/Pods-TwitterBankingStreamTests-resources.sh\"\n";
			showEnvVarsInLog = 0;
		};
		942E960BCA6850EE85EC0679 /* Check Pods Manifest.lock */ = {
			isa = PBXShellScriptBuildPhase;
			buildActionMask = 2147483647;
			files = (
			);
			inputPaths = (
			);
			name = "Check Pods Manifest.lock";
			outputPaths = (
			);
			runOnlyForDeploymentPostprocessing = 0;
			shellPath = /bin/sh;
			shellScript = "diff \"${PODS_ROOT}/../Podfile.lock\" \"${PODS_ROOT}/Manifest.lock\" > /dev/null\nif [[ $? != 0 ]] ; then\n    cat << EOM\nerror: The sandbox is not in sync with the Podfile.lock. Run 'pod install' or update your CocoaPods installation.\nEOM\n    exit 1\nfi\n";
			showEnvVarsInLog = 0;
		};
/* End PBXShellScriptBuildPhase section */

/* Begin PBXSourcesBuildPhase section */
		0C5DF7001ADC389D006CA30B /* Sources */ = {
			isa = PBXSourcesBuildPhase;
			buildActionMask = 2147483647;
			files = (
				0C5DF70D1ADC389D006CA30B /* AppDelegate.m in Sources */,
				371BB38E1ADEC87C00498B0C /* TweetParser.m in Sources */,
				371BB3841ADEAFBE00498B0C /* User.m in Sources */,
				0C5DF70A1ADC389D006CA30B /* main.m in Sources */,
				0C5DF72F1ADC392D006CA30B /* TwitterStreamTableViewController.m in Sources */,
				371BB3811ADD5E3D00498B0C /* Tweet.m in Sources */,
				0C5DF7321ADC3D3B006CA30B /* TweetTableViewCell.m in Sources */,
				371BB37E1ADD596F00498B0C /* LoginViewController.m in Sources */,
				371BB3871ADEBE9300498B0C /* FadeSegue.m in Sources */,
			);
			runOnlyForDeploymentPostprocessing = 0;
		};
		0C5DF7191ADC389D006CA30B /* Sources */ = {
			isa = PBXSourcesBuildPhase;
			buildActionMask = 2147483647;
			files = (
				0CA430D61ADF00DD00AFCC65 /* TweetParserSpec.m in Sources */,
			);
			runOnlyForDeploymentPostprocessing = 0;
		};
/* End PBXSourcesBuildPhase section */

/* Begin PBXTargetDependency section */
		0C5DF71F1ADC389D006CA30B /* PBXTargetDependency */ = {
			isa = PBXTargetDependency;
			target = 0C5DF7031ADC389D006CA30B /* TwitterBankingStream */;
			targetProxy = 0C5DF71E1ADC389D006CA30B /* PBXContainerItemProxy */;
		};
/* End PBXTargetDependency section */

/* Begin PBXVariantGroup section */
		0C5DF7111ADC389D006CA30B /* Main.storyboard */ = {
			isa = PBXVariantGroup;
			children = (
				0C5DF7121ADC389D006CA30B /* Base */,
			);
			name = Main.storyboard;
			sourceTree = "<group>";
		};
		0C5DF7161ADC389D006CA30B /* LaunchScreen.xib */ = {
			isa = PBXVariantGroup;
			children = (
				0C5DF7171ADC389D006CA30B /* Base */,
			);
			name = LaunchScreen.xib;
			sourceTree = "<group>";
		};
/* End PBXVariantGroup section */

/* Begin XCBuildConfiguration section */
		0C5DF7251ADC389D006CA30B /* Debug */ = {
			isa = XCBuildConfiguration;
			buildSettings = {
				ALWAYS_SEARCH_USER_PATHS = NO;
				CLANG_CXX_LANGUAGE_STANDARD = "gnu++0x";
				CLANG_CXX_LIBRARY = "libc++";
				CLANG_ENABLE_MODULES = YES;
				CLANG_ENABLE_OBJC_ARC = YES;
				CLANG_WARN_BOOL_CONVERSION = YES;
				CLANG_WARN_CONSTANT_CONVERSION = YES;
				CLANG_WARN_DIRECT_OBJC_ISA_USAGE = YES_ERROR;
				CLANG_WARN_EMPTY_BODY = YES;
				CLANG_WARN_ENUM_CONVERSION = YES;
				CLANG_WARN_INT_CONVERSION = YES;
				CLANG_WARN_OBJC_ROOT_CLASS = YES_ERROR;
				CLANG_WARN_UNREACHABLE_CODE = YES;
				CLANG_WARN__DUPLICATE_METHOD_MATCH = YES;
				"CODE_SIGN_IDENTITY[sdk=iphoneos*]" = "iPhone Developer";
				COPY_PHASE_STRIP = NO;
				ENABLE_STRICT_OBJC_MSGSEND = YES;
				GCC_C_LANGUAGE_STANDARD = gnu99;
				GCC_DYNAMIC_NO_PIC = NO;
				GCC_OPTIMIZATION_LEVEL = 0;
				GCC_PREPROCESSOR_DEFINITIONS = (
					"DEBUG=1",
					"$(inherited)",
				);
				GCC_SYMBOLS_PRIVATE_EXTERN = NO;
				GCC_WARN_64_TO_32_BIT_CONVERSION = YES;
				GCC_WARN_ABOUT_RETURN_TYPE = YES_ERROR;
				GCC_WARN_UNDECLARED_SELECTOR = YES;
				GCC_WARN_UNINITIALIZED_AUTOS = YES_AGGRESSIVE;
				GCC_WARN_UNUSED_FUNCTION = YES;
				GCC_WARN_UNUSED_VARIABLE = YES;
				IPHONEOS_DEPLOYMENT_TARGET = 8.0;
				MTL_ENABLE_DEBUG_INFO = YES;
				ONLY_ACTIVE_ARCH = YES;
				SDKROOT = iphoneos;
			};
			name = Debug;
		};
		0C5DF7261ADC389D006CA30B /* Release */ = {
			isa = XCBuildConfiguration;
			buildSettings = {
				ALWAYS_SEARCH_USER_PATHS = NO;
				CLANG_CXX_LANGUAGE_STANDARD = "gnu++0x";
				CLANG_CXX_LIBRARY = "libc++";
				CLANG_ENABLE_MODULES = YES;
				CLANG_ENABLE_OBJC_ARC = YES;
				CLANG_WARN_BOOL_CONVERSION = YES;
				CLANG_WARN_CONSTANT_CONVERSION = YES;
				CLANG_WARN_DIRECT_OBJC_ISA_USAGE = YES_ERROR;
				CLANG_WARN_EMPTY_BODY = YES;
				CLANG_WARN_ENUM_CONVERSION = YES;
				CLANG_WARN_INT_CONVERSION = YES;
				CLANG_WARN_OBJC_ROOT_CLASS = YES_ERROR;
				CLANG_WARN_UNREACHABLE_CODE = YES;
				CLANG_WARN__DUPLICATE_METHOD_MATCH = YES;
				"CODE_SIGN_IDENTITY[sdk=iphoneos*]" = "iPhone Developer";
				COPY_PHASE_STRIP = NO;
				ENABLE_NS_ASSERTIONS = NO;
				ENABLE_STRICT_OBJC_MSGSEND = YES;
				GCC_C_LANGUAGE_STANDARD = gnu99;
				GCC_WARN_64_TO_32_BIT_CONVERSION = YES;
				GCC_WARN_ABOUT_RETURN_TYPE = YES_ERROR;
				GCC_WARN_UNDECLARED_SELECTOR = YES;
				GCC_WARN_UNINITIALIZED_AUTOS = YES_AGGRESSIVE;
				GCC_WARN_UNUSED_FUNCTION = YES;
				GCC_WARN_UNUSED_VARIABLE = YES;
				IPHONEOS_DEPLOYMENT_TARGET = 8.0;
				MTL_ENABLE_DEBUG_INFO = NO;
				SDKROOT = iphoneos;
				VALIDATE_PRODUCT = YES;
			};
			name = Release;
		};
		0C5DF7281ADC389D006CA30B /* Debug */ = {
			isa = XCBuildConfiguration;
			buildSettings = {
				ASSETCATALOG_COMPILER_APPICON_NAME = AppIcon;
				CODE_SIGN_IDENTITY = "iPhone Developer";
				FRAMEWORK_SEARCH_PATHS = (
					"$(inherited)",
					"$(PROJECT_DIR)",
				);
				INFOPLIST_FILE = TwitterBankingStream/Info.plist;
				LD_RUNPATH_SEARCH_PATHS = "$(inherited) @executable_path/Frameworks";
				PRODUCT_NAME = "$(TARGET_NAME)";
			};
			name = Debug;
		};
		0C5DF7291ADC389D006CA30B /* Release */ = {
			isa = XCBuildConfiguration;
			buildSettings = {
				ASSETCATALOG_COMPILER_APPICON_NAME = AppIcon;
				CODE_SIGN_IDENTITY = "iPhone Developer";
				FRAMEWORK_SEARCH_PATHS = (
					"$(inherited)",
					"$(PROJECT_DIR)",
				);
				INFOPLIST_FILE = TwitterBankingStream/Info.plist;
				LD_RUNPATH_SEARCH_PATHS = "$(inherited) @executable_path/Frameworks";
				PRODUCT_NAME = "$(TARGET_NAME)";
			};
			name = Release;
		};
		0C5DF72B1ADC389D006CA30B /* Debug */ = {
			isa = XCBuildConfiguration;
			baseConfigurationReference = AB57BFDADE2CEA6AC33333CC /* Pods-TwitterBankingStreamTests.debug.xcconfig */;
			buildSettings = {
				BUNDLE_LOADER = "$(TEST_HOST)";
				FRAMEWORK_SEARCH_PATHS = (
					"$(SDKROOT)/Developer/Library/Frameworks",
					"$(inherited)",
				);
				GCC_PREPROCESSOR_DEFINITIONS = (
					"DEBUG=1",
					"$(inherited)",
				);
				INFOPLIST_FILE = TwitterBankingStreamTests/Info.plist;
				LD_RUNPATH_SEARCH_PATHS = "$(inherited) @executable_path/Frameworks @loader_path/Frameworks";
				PRODUCT_NAME = "$(TARGET_NAME)";
				TEST_HOST = "$(BUILT_PRODUCTS_DIR)/TwitterBankingStream.app/TwitterBankingStream";
			};
			name = Debug;
		};
		0C5DF72C1ADC389D006CA30B /* Release */ = {
			isa = XCBuildConfiguration;
			baseConfigurationReference = 30609F259F6D9583FD09A93E /* Pods-TwitterBankingStreamTests.release.xcconfig */;
			buildSettings = {
				BUNDLE_LOADER = "$(TEST_HOST)";
				FRAMEWORK_SEARCH_PATHS = (
					"$(SDKROOT)/Developer/Library/Frameworks",
					"$(inherited)",
				);
				INFOPLIST_FILE = TwitterBankingStreamTests/Info.plist;
				LD_RUNPATH_SEARCH_PATHS = "$(inherited) @executable_path/Frameworks @loader_path/Frameworks";
				PRODUCT_NAME = "$(TARGET_NAME)";
				TEST_HOST = "$(BUILT_PRODUCTS_DIR)/TwitterBankingStream.app/TwitterBankingStream";
			};
			name = Release;
		};
/* End XCBuildConfiguration section */

/* Begin XCConfigurationList section */
		0C5DF6FF1ADC389D006CA30B /* Build configuration list for PBXProject "TwitterBankingStream" */ = {
			isa = XCConfigurationList;
			buildConfigurations = (
				0C5DF7251ADC389D006CA30B /* Debug */,
				0C5DF7261ADC389D006CA30B /* Release */,
			);
			defaultConfigurationIsVisible = 0;
			defaultConfigurationName = Release;
		};
		0C5DF7271ADC389D006CA30B /* Build configuration list for PBXNativeTarget "TwitterBankingStream" */ = {
			isa = XCConfigurationList;
			buildConfigurations = (
				0C5DF7281ADC389D006CA30B /* Debug */,
				0C5DF7291ADC389D006CA30B /* Release */,
			);
			defaultConfigurationIsVisible = 0;
			defaultConfigurationName = Release;
		};
		0C5DF72A1ADC389D006CA30B /* Build configuration list for PBXNativeTarget "TwitterBankingStreamTests" */ = {
			isa = XCConfigurationList;
			buildConfigurations = (
				0C5DF72B1ADC389D006CA30B /* Debug */,
				0C5DF72C1ADC389D006CA30B /* Release */,
			);
			defaultConfigurationIsVisible = 0;
			defaultConfigurationName = Release;
		};
/* End XCConfigurationList section */
	};
	rootObject = 0C5DF6FC1ADC389D006CA30B /* Project object */;
}
